
Microsoft Visual Studio Solution File, Format Version 12.00
# Visual Studio Version 17
VisualStudioVersion = 17.0.31903.59
MinimumVisualStudioVersion = 10.0.40219.1
Project("{FAE04EC0-301F-11D3-BF4B-00C04F79EFBC}") = "TodoApi.WebApi", "TodoApi.WebApi\TodoApi.WebApi.csproj", "{233D58FE-7531-4CE7-A02C-E5E10C497AFA}"
EndProject
Project("{FAE04EC0-301F-11D3-BF4B-00C04F79EFBC}") = "TodoApi.Infrastructure", "TodoApi.Infrastructure\TodoApi.Infrastructure.csproj", "{3D1ECF3E-9473-461F-A0B7-1749103FFC65}"
EndProject
Project("{FAE04EC0-301F-11D3-BF4B-00C04F79EFBC}") = "TodoApi.Application", "TodoApi.Application\TodoApi.Application.csproj", "{6E3DC2ED-3973-4133-B242-9F7B11AE2141}"
EndProject
Project("{FAE04EC0-301F-11D3-BF4B-00C04F79EFBC}") = "TodoApi.Domain", "TodoApi.Domain\TodoApi.Domain.csproj", "{1A0BC7E5-7D12-47EC-83A4-2187FAE46221}"
EndProject
Global
	GlobalSection(SolutionConfigurationPlatforms) = preSolution
		Debug|Any CPU = Debug|Any CPU
		Release|Any CPU = Release|Any CPU
	EndGlobalSection
	GlobalSection(SolutionProperties) = preSolution
		HideSolutionNode = FALSE
	EndGlobalSection
	GlobalSection(ProjectConfigurationPlatforms) = postSolution
		{233D58FE-7531-4CE7-A02C-E5E10C497AFA}.Debug|Any CPU.ActiveCfg = Debug|Any CPU
		{233D58FE-7531-4CE7-A02C-E5E10C497AFA}.Debug|Any CPU.Build.0 = Debug|Any CPU
		{233D58FE-7531-4CE7-A02C-E5E10C497AFA}.Release|Any CPU.ActiveCfg = Release|Any CPU
		{233D58FE-7531-4CE7-A02C-E5E10C497AFA}.Release|Any CPU.Build.0 = Release|Any CPU
		{3D1ECF3E-9473-461F-A0B7-1749103FFC65}.Debug|Any CPU.ActiveCfg = Debug|Any CPU
		{3D1ECF3E-9473-461F-A0B7-1749103FFC65}.Debug|Any CPU.Build.0 = Debug|Any CPU
		{3D1ECF3E-9473-461F-A0B7-1749103FFC65}.Release|Any CPU.ActiveCfg = Release|Any CPU
		{3D1ECF3E-9473-461F-A0B7-1749103FFC65}.Release|Any CPU.Build.0 = Release|Any CPU
		{6E3DC2ED-3973-4133-B242-9F7B11AE2141}.Debug|Any CPU.ActiveCfg = Debug|Any CPU
		{6E3DC2ED-3973-4133-B242-9F7B11AE2141}.Debug|Any CPU.Build.0 = Debug|Any CPU
		{6E3DC2ED-3973-4133-B242-9F7B11AE2141}.Release|Any CPU.ActiveCfg = Release|Any CPU
		{6E3DC2ED-3973-4133-B242-9F7B11AE2141}.Release|Any CPU.Build.0 = Release|Any CPU
		{1A0BC7E5-7D12-47EC-83A4-2187FAE46221}.Debug|Any CPU.ActiveCfg = Debug|Any CPU
		{1A0BC7E5-7D12-47EC-83A4-2187FAE46221}.Debug|Any CPU.Build.0 = Debug|Any CPU
		{1A0BC7E5-7D12-47EC-83A4-2187FAE46221}.Release|Any CPU.ActiveCfg = Release|Any CPU
		{1A0BC7E5-7D12-47EC-83A4-2187FAE46221}.Release|Any CPU.Build.0 = Release|Any CPU
	EndGlobalSection
EndGlobal
