
Microsoft Visual Studio Solution File, Format Version 12.00
# Visual Studio Version 17
VisualStudioVersion = 17.0.31903.59
MinimumVisualStudioVersion = 10.0.40219.1
Project("{FAE04EC0-301F-11D3-BF4B-00C04F79EFBC}") = "TodoApi.Domain", "TodoApi.Domain\TodoApi.Domain.csproj", "{6A4821B0-DFEA-4745-83EA-71DAF20419A1}"
EndProject
Project("{FAE04EC0-301F-11D3-BF4B-00C04F79EFBC}") = "TodoApi.Application", "TodoApi.Application\TodoApi.Application.csproj", "{CED455F5-DFC4-495D-921B-7267B3C221AE}"
EndProject
Project("{FAE04EC0-301F-11D3-BF4B-00C04F79EFBC}") = "TodoApi.Infrastructure", "TodoApi.Infrastructure\TodoApi.Infrastructure.csproj", "{8AC78018-8E7D-4925-B8E4-9907FE99F235}"
EndProject
Project("{FAE04EC0-301F-11D3-BF4B-00C04F79EFBC}") = "TodoApi.WebApi", "TodoApi.WebApi\TodoApi.WebApi.csproj", "{5B873202-FE6C-4E8E-B0E8-7080DA09A455}"
EndProject
Project("{FAE04EC0-301F-11D3-BF4B-00C04F79EFBC}") = "TodoApi.Tests.Unit", "TodoApi.Tests.Unit\TodoApi.Tests.Unit.csproj", "{759AB5A1-BD3E-46E0-AD17-4161E1443C6A}"
EndProject
Project("{FAE04EC0-301F-11D3-BF4B-00C04F79EFBC}") = "TodoApi.Tests.Integration", "TodoApi.Tests.Integration\TodoApi.Tests.Integration.csproj", "{1EF293DB-6CEC-437C-9717-4279D329555B}"
EndProject
Project("{FAE04EC0-301F-11D3-BF4B-00C04F79EFBC}") = "TodoApi.Tests.E2E", "TodoApi.Tests.E2E\TodoApi.Tests.E2E.csproj", "{1446E43F-DBD3-409B-8380-527F0C3F8537}"
EndProject
Project("{FAE04EC0-301F-11D3-BF4B-00C04F79EFBC}") = "TodoApi.Tests.BDD", "TodoApi.Tests.BDD\TodoApi.Tests.BDD.csproj", "{2706CE7F-A859-44F8-BFAE-552512BCC86B}"
EndProject
Global
	GlobalSection(SolutionConfigurationPlatforms) = preSolution
		Debug|Any CPU = Debug|Any CPU
		Debug|x64 = Debug|x64
		Debug|x86 = Debug|x86
		Release|Any CPU = Release|Any CPU
		Release|x64 = Release|x64
		Release|x86 = Release|x86
	EndGlobalSection
	GlobalSection(ProjectConfigurationPlatforms) = postSolution
		{6A4821B0-DFEA-4745-83EA-71DAF20419A1}.Debug|Any CPU.ActiveCfg = Debug|Any CPU
		{6A4821B0-DFEA-4745-83EA-71DAF20419A1}.Debug|Any CPU.Build.0 = Debug|Any CPU
		{6A4821B0-DFEA-4745-83EA-71DAF20419A1}.Debug|x64.ActiveCfg = Debug|Any CPU
		{6A4821B0-DFEA-4745-83EA-71DAF20419A1}.Debug|x64.Build.0 = Debug|Any CPU
		{6A4821B0-DFEA-4745-83EA-71DAF20419A1}.Debug|x86.ActiveCfg = Debug|Any CPU
		{6A4821B0-DFEA-4745-83EA-71DAF20419A1}.Debug|x86.Build.0 = Debug|Any CPU
		{6A4821B0-DFEA-4745-83EA-71DAF20419A1}.Release|Any CPU.ActiveCfg = Release|Any CPU
		{6A4821B0-DFEA-4745-83EA-71DAF20419A1}.Release|Any CPU.Build.0 = Release|Any CPU
		{6A4821B0-DFEA-4745-83EA-71DAF20419A1}.Release|x64.ActiveCfg = Release|Any CPU
		{6A4821B0-DFEA-4745-83EA-71DAF20419A1}.Release|x64.Build.0 = Release|Any CPU
		{6A4821B0-DFEA-4745-83EA-71DAF20419A1}.Release|x86.ActiveCfg = Release|Any CPU
		{6A4821B0-DFEA-4745-83EA-71DAF20419A1}.Release|x86.Build.0 = Release|Any CPU
		{CED455F5-DFC4-495D-921B-7267B3C221AE}.Debug|Any CPU.ActiveCfg = Debug|Any CPU
		{CED455F5-DFC4-495D-921B-7267B3C221AE}.Debug|Any CPU.Build.0 = Debug|Any CPU
		{CED455F5-DFC4-495D-921B-7267B3C221AE}.Debug|x64.ActiveCfg = Debug|Any CPU
		{CED455F5-DFC4-495D-921B-7267B3C221AE}.Debug|x64.Build.0 = Debug|Any CPU
		{CED455F5-DFC4-495D-921B-7267B3C221AE}.Debug|x86.ActiveCfg = Debug|Any CPU
		{CED455F5-DFC4-495D-921B-7267B3C221AE}.Debug|x86.Build.0 = Debug|Any CPU
		{CED455F5-DFC4-495D-921B-7267B3C221AE}.Release|Any CPU.ActiveCfg = Release|Any CPU
		{CED455F5-DFC4-495D-921B-7267B3C221AE}.Release|Any CPU.Build.0 = Release|Any CPU
		{CED455F5-DFC4-495D-921B-7267B3C221AE}.Release|x64.ActiveCfg = Release|Any CPU
		{CED455F5-DFC4-495D-921B-7267B3C221AE}.Release|x64.Build.0 = Release|Any CPU
		{CED455F5-DFC4-495D-921B-7267B3C221AE}.Release|x86.ActiveCfg = Release|Any CPU
		{CED455F5-DFC4-495D-921B-7267B3C221AE}.Release|x86.Build.0 = Release|Any CPU
		{8AC78018-8E7D-4925-B8E4-9907FE99F235}.Debug|Any CPU.ActiveCfg = Debug|Any CPU
		{8AC78018-8E7D-4925-B8E4-9907FE99F235}.Debug|Any CPU.Build.0 = Debug|Any CPU
		{8AC78018-8E7D-4925-B8E4-9907FE99F235}.Debug|x64.ActiveCfg = Debug|Any CPU
		{8AC78018-8E7D-4925-B8E4-9907FE99F235}.Debug|x64.Build.0 = Debug|Any CPU
		{8AC78018-8E7D-4925-B8E4-9907FE99F235}.Debug|x86.ActiveCfg = Debug|Any CPU
		{8AC78018-8E7D-4925-B8E4-9907FE99F235}.Debug|x86.Build.0 = Debug|Any CPU
		{8AC78018-8E7D-4925-B8E4-9907FE99F235}.Release|Any CPU.ActiveCfg = Release|Any CPU
		{8AC78018-8E7D-4925-B8E4-9907FE99F235}.Release|Any CPU.Build.0 = Release|Any CPU
		{8AC78018-8E7D-4925-B8E4-9907FE99F235}.Release|x64.ActiveCfg = Release|Any CPU
		{8AC78018-8E7D-4925-B8E4-9907FE99F235}.Release|x64.Build.0 = Release|Any CPU
		{8AC78018-8E7D-4925-B8E4-9907FE99F235}.Release|x86.ActiveCfg = Release|Any CPU
		{8AC78018-8E7D-4925-B8E4-9907FE99F235}.Release|x86.Build.0 = Release|Any CPU
		{5B873202-FE6C-4E8E-B0E8-7080DA09A455}.Debug|Any CPU.ActiveCfg = Debug|Any CPU
		{5B873202-FE6C-4E8E-B0E8-7080DA09A455}.Debug|Any CPU.Build.0 = Debug|Any CPU
		{5B873202-FE6C-4E8E-B0E8-7080DA09A455}.Debug|x64.ActiveCfg = Debug|Any CPU
		{5B873202-FE6C-4E8E-B0E8-7080DA09A455}.Debug|x64.Build.0 = Debug|Any CPU
		{5B873202-FE6C-4E8E-B0E8-7080DA09A455}.Debug|x86.ActiveCfg = Debug|Any CPU
		{5B873202-FE6C-4E8E-B0E8-7080DA09A455}.Debug|x86.Build.0 = Debug|Any CPU
		{5B873202-FE6C-4E8E-B0E8-7080DA09A455}.Release|Any CPU.ActiveCfg = Release|Any CPU
		{5B873202-FE6C-4E8E-B0E8-7080DA09A455}.Release|Any CPU.Build.0 = Release|Any CPU
		{5B873202-FE6C-4E8E-B0E8-7080DA09A455}.Release|x64.ActiveCfg = Release|Any CPU
		{5B873202-FE6C-4E8E-B0E8-7080DA09A455}.Release|x64.Build.0 = Release|Any CPU
		{5B873202-FE6C-4E8E-B0E8-7080DA09A455}.Release|x86.ActiveCfg = Release|Any CPU
		{5B873202-FE6C-4E8E-B0E8-7080DA09A455}.Release|x86.Build.0 = Release|Any CPU
		{759AB5A1-BD3E-46E0-AD17-4161E1443C6A}.Debug|Any CPU.ActiveCfg = Debug|Any CPU
		{759AB5A1-BD3E-46E0-AD17-4161E1443C6A}.Debug|Any CPU.Build.0 = Debug|Any CPU
		{759AB5A1-BD3E-46E0-AD17-4161E1443C6A}.Debug|x64.ActiveCfg = Debug|Any CPU
		{759AB5A1-BD3E-46E0-AD17-4161E1443C6A}.Debug|x64.Build.0 = Debug|Any CPU
		{759AB5A1-BD3E-46E0-AD17-4161E1443C6A}.Debug|x86.ActiveCfg = Debug|Any CPU
		{759AB5A1-BD3E-46E0-AD17-4161E1443C6A}.Debug|x86.Build.0 = Debug|Any CPU
		{759AB5A1-BD3E-46E0-AD17-4161E1443C6A}.Release|Any CPU.ActiveCfg = Release|Any CPU
		{759AB5A1-BD3E-46E0-AD17-4161E1443C6A}.Release|Any CPU.Build.0 = Release|Any CPU
		{759AB5A1-BD3E-46E0-AD17-4161E1443C6A}.Release|x64.ActiveCfg = Release|Any CPU
		{759AB5A1-BD3E-46E0-AD17-4161E1443C6A}.Release|x64.Build.0 = Release|Any CPU
		{759AB5A1-BD3E-46E0-AD17-4161E1443C6A}.Release|x86.ActiveCfg = Release|Any CPU
		{759AB5A1-BD3E-46E0-AD17-4161E1443C6A}.Release|x86.Build.0 = Release|Any CPU
		{1EF293DB-6CEC-437C-9717-4279D329555B}.Debug|Any CPU.ActiveCfg = Debug|Any CPU
		{1EF293DB-6CEC-437C-9717-4279D329555B}.Debug|Any CPU.Build.0 = Debug|Any CPU
		{1EF293DB-6CEC-437C-9717-4279D329555B}.Debug|x64.ActiveCfg = Debug|Any CPU
		{1EF293DB-6CEC-437C-9717-4279D329555B}.Debug|x64.Build.0 = Debug|Any CPU
		{1EF293DB-6CEC-437C-9717-4279D329555B}.Debug|x86.ActiveCfg = Debug|Any CPU
		{1EF293DB-6CEC-437C-9717-4279D329555B}.Debug|x86.Build.0 = Debug|Any CPU
		{1EF293DB-6CEC-437C-9717-4279D329555B}.Release|Any CPU.ActiveCfg = Release|Any CPU
		{1EF293DB-6CEC-437C-9717-4279D329555B}.Release|Any CPU.Build.0 = Release|Any CPU
		{1EF293DB-6CEC-437C-9717-4279D329555B}.Release|x64.ActiveCfg = Release|Any CPU
		{1EF293DB-6CEC-437C-9717-4279D329555B}.Release|x64.Build.0 = Release|Any CPU
		{1EF293DB-6CEC-437C-9717-4279D329555B}.Release|x86.ActiveCfg = Release|Any CPU
		{1EF293DB-6CEC-437C-9717-4279D329555B}.Release|x86.Build.0 = Release|Any CPU
		{1446E43F-DBD3-409B-8380-527F0C3F8537}.Debug|Any CPU.ActiveCfg = Debug|Any CPU
		{1446E43F-DBD3-409B-8380-527F0C3F8537}.Debug|Any CPU.Build.0 = Debug|Any CPU
		{1446E43F-DBD3-409B-8380-527F0C3F8537}.Debug|x64.ActiveCfg = Debug|Any CPU
		{1446E43F-DBD3-409B-8380-527F0C3F8537}.Debug|x64.Build.0 = Debug|Any CPU
		{1446E43F-DBD3-409B-8380-527F0C3F8537}.Debug|x86.ActiveCfg = Debug|Any CPU
		{1446E43F-DBD3-409B-8380-527F0C3F8537}.Debug|x86.Build.0 = Debug|Any CPU
		{1446E43F-DBD3-409B-8380-527F0C3F8537}.Release|Any CPU.ActiveCfg = Release|Any CPU
		{1446E43F-DBD3-409B-8380-527F0C3F8537}.Release|Any CPU.Build.0 = Release|Any CPU
		{1446E43F-DBD3-409B-8380-527F0C3F8537}.Release|x64.ActiveCfg = Release|Any CPU
		{1446E43F-DBD3-409B-8380-527F0C3F8537}.Release|x64.Build.0 = Release|Any CPU
		{1446E43F-DBD3-409B-8380-527F0C3F8537}.Release|x86.ActiveCfg = Release|Any CPU
		{1446E43F-DBD3-409B-8380-527F0C3F8537}.Release|x86.Build.0 = Release|Any CPU
		{2706CE7F-A859-44F8-BFAE-552512BCC86B}.Debug|Any CPU.ActiveCfg = Debug|Any CPU
		{2706CE7F-A859-44F8-BFAE-552512BCC86B}.Debug|Any CPU.Build.0 = Debug|Any CPU
		{2706CE7F-A859-44F8-BFAE-552512BCC86B}.Debug|x64.ActiveCfg = Debug|Any CPU
		{2706CE7F-A859-44F8-BFAE-552512BCC86B}.Debug|x64.Build.0 = Debug|Any CPU
		{2706CE7F-A859-44F8-BFAE-552512BCC86B}.Debug|x86.ActiveCfg = Debug|Any CPU
		{2706CE7F-A859-44F8-BFAE-552512BCC86B}.Debug|x86.Build.0 = Debug|Any CPU
		{2706CE7F-A859-44F8-BFAE-552512BCC86B}.Release|Any CPU.ActiveCfg = Release|Any CPU
		{2706CE7F-A859-44F8-BFAE-552512BCC86B}.Release|Any CPU.Build.0 = Release|Any CPU
		{2706CE7F-A859-44F8-BFAE-552512BCC86B}.Release|x64.ActiveCfg = Release|Any CPU
		{2706CE7F-A859-44F8-BFAE-552512BCC86B}.Release|x64.Build.0 = Release|Any CPU
		{2706CE7F-A859-44F8-BFAE-552512BCC86B}.Release|x86.ActiveCfg = Release|Any CPU
		{2706CE7F-A859-44F8-BFAE-552512BCC86B}.Release|x86.Build.0 = Release|Any CPU
	EndGlobalSection
	GlobalSection(SolutionProperties) = preSolution
		HideSolutionNode = FALSE
	EndGlobalSection
EndGlobal
